# This file is automatically @generated by Cargo.
# It is not intended for manual editing.
version = 4

[[package]]
name = "aequa"
version = "1.2.2"
source = "git+https://github.com/xqhare/aequa#7df0658bd2b19364608355c889e2f515e5950440"

[[package]]
name = "nemesis"
version = "1.0.0"
source = "git+https://github.com/xqhare/nemesis#b9270897bdac1b3377c6f57edaa9d7e4fee60483"

[[package]]
name = "space-ship-construction-company"
version = "0.1.0"
dependencies = [
 "aequa",
 "nemesis",
]
